
Microsoft Visual Studio Solution File, Format Version 12.00
# Visual Studio Version 17
VisualStudioVersion = 17.11.35219.272
MinimumVisualStudioVersion = 10.0.40219.1
Project("{FAE04EC0-301F-11D3-BF4B-00C04F79EFBC}") = "LTUinl3", "LTUinl3.csproj", "{7DA31C63-643B-486B-B61F-81E7E9D9ADA7}"
EndProject
Global
	GlobalSection(SolutionConfigurationPlatforms) = preSolution
		Debug|Any CPU = Debug|Any CPU
		Release|Any CPU = Release|Any CPU
	EndGlobalSection
	GlobalSection(ProjectConfigurationPlatforms) = postSolution
		{7DA31C63-643B-486B-B61F-81E7E9D9ADA7}.Debug|Any CPU.ActiveCfg = Debug|Any CPU
		{7DA31C63-643B-486B-B61F-81E7E9D9ADA7}.Debug|Any CPU.Build.0 = Debug|Any CPU
		{7DA31C63-643B-486B-B61F-81E7E9D9ADA7}.Release|Any CPU.ActiveCfg = Release|Any CPU
		{7DA31C63-643B-486B-B61F-81E7E9D9ADA7}.Release|Any CPU.Build.0 = Release|Any CPU
	EndGlobalSection
	GlobalSection(SolutionProperties) = preSolution
		HideSolutionNode = FALSE
	EndGlobalSection
	GlobalSection(ExtensibilityGlobals) = postSolution
		SolutionGuid = {DDC57A82-CBBF-4971-858B-7706FEE69B7B}
	EndGlobalSection
EndGlobal
